
Microsoft Visual Studio Solution File, Format Version 12.00
# Visual Studio 14
VisualStudioVersion = 14.0.25123.0
MinimumVisualStudioVersion = 10.0.40219.1
Project("{2150E333-8FDC-42A3-9474-1A3956D46DE8}") = "Solution Items", "Solution Items", "{0B159011-D857-4D03-A8C6-98490123336C}"
EndProject
Project("{FAE04EC0-301F-11D3-BF4B-00C04F79EFBC}") = "ReverseTicTacToe.UI", "ReverseTicTacToe.UI\ReverseTicTacToe.UI.csproj", "{142B4115-3118-45E4-8F59-3E0F47D32426}"
EndProject
Project("{FAE04EC0-301F-11D3-BF4B-00C04F79EFBC}") = "ReverseTicTacToe.Logic", "ReverseTicTacToe.Logic\ReverseTicTacToe.Logic.csproj", "{2272AB59-801B-4303-BF58-96DF5ECE9533}"
EndProject
Global
	GlobalSection(SolutionConfigurationPlatforms) = preSolution
		Debug|Any CPU = Debug|Any CPU
		Release|Any CPU = Release|Any CPU
	EndGlobalSection
	GlobalSection(ProjectConfigurationPlatforms) = postSolution
		{142B4115-3118-45E4-8F59-3E0F47D32426}.Debug|Any CPU.ActiveCfg = Debug|Any CPU
		{142B4115-3118-45E4-8F59-3E0F47D32426}.Debug|Any CPU.Build.0 = Debug|Any CPU
		{142B4115-3118-45E4-8F59-3E0F47D32426}.Release|Any CPU.ActiveCfg = Release|Any CPU
		{142B4115-3118-45E4-8F59-3E0F47D32426}.Release|Any CPU.Build.0 = Release|Any CPU
		{2272AB59-801B-4303-BF58-96DF5ECE9533}.Debug|Any CPU.ActiveCfg = Debug|Any CPU
		{2272AB59-801B-4303-BF58-96DF5ECE9533}.Debug|Any CPU.Build.0 = Debug|Any CPU
		{2272AB59-801B-4303-BF58-96DF5ECE9533}.Release|Any CPU.ActiveCfg = Release|Any CPU
		{2272AB59-801B-4303-BF58-96DF5ECE9533}.Release|Any CPU.Build.0 = Release|Any CPU
	EndGlobalSection
	GlobalSection(SolutionProperties) = preSolution
		HideSolutionNode = FALSE
	EndGlobalSection
EndGlobal
